// !$*UTF8*$!
{
	archiveVersion = 1;
	classes = {
	};
	objectVersion = 50;
	objects = {

/* Begin PBXBuildFile section */
		CB20B56122947BFA0082F111 /* GTDevTools.h in Headers */ = {isa = PBXBuildFile; fileRef = CB20B55F22947BFA0082F111 /* GTDevTools.h */; settings = {ATTRIBUTES = (Public, ); }; };
		CB20B56922947D4D0082F111 /* UIView.swift in Sources */ = {isa = PBXBuildFile; fileRef = CB20B56822947D4D0082F111 /* UIView.swift */; };
		CB20B56B22947E200082F111 /* UIViewController.swift in Sources */ = {isa = PBXBuildFile; fileRef = CB20B56A22947E200082F111 /* UIViewController.swift */; };
		CB20B56D22947F9A0082F111 /* UIImageView.swift in Sources */ = {isa = PBXBuildFile; fileRef = CB20B56C22947F9A0082F111 /* UIImageView.swift */; };
		CB20B56F229483990082F111 /* UIColor.swift in Sources */ = {isa = PBXBuildFile; fileRef = CB20B56E229483990082F111 /* UIColor.swift */; };
		CB20B571229484200082F111 /* UILabel.swift in Sources */ = {isa = PBXBuildFile; fileRef = CB20B570229484200082F111 /* UILabel.swift */; };
		CB20B573229484620082F111 /* UIButton.swift in Sources */ = {isa = PBXBuildFile; fileRef = CB20B572229484620082F111 /* UIButton.swift */; };
		CB20B576229488050082F111 /* CustomTextField.swift in Sources */ = {isa = PBXBuildFile; fileRef = CB20B575229488050082F111 /* CustomTextField.swift */; };
		CB20B578229488EB0082F111 /* FormController.swift in Sources */ = {isa = PBXBuildFile; fileRef = CB20B577229488EB0082F111 /* FormController.swift */; };
/* End PBXBuildFile section */

/* Begin PBXFileReference section */
		CB20B55C22947BFA0082F111 /* GTDevTools.framework */ = {isa = PBXFileReference; explicitFileType = wrapper.framework; includeInIndex = 0; path = GTDevTools.framework; sourceTree = BUILT_PRODUCTS_DIR; };
		CB20B55F22947BFA0082F111 /* GTDevTools.h */ = {isa = PBXFileReference; lastKnownFileType = sourcecode.c.h; path = GTDevTools.h; sourceTree = "<group>"; };
		CB20B56022947BFA0082F111 /* Info.plist */ = {isa = PBXFileReference; lastKnownFileType = text.plist.xml; path = Info.plist; sourceTree = "<group>"; };
		CB20B56822947D4D0082F111 /* UIView.swift */ = {isa = PBXFileReference; lastKnownFileType = sourcecode.swift; path = UIView.swift; sourceTree = "<group>"; };
		CB20B56A22947E200082F111 /* UIViewController.swift */ = {isa = PBXFileReference; lastKnownFileType = sourcecode.swift; path = UIViewController.swift; sourceTree = "<group>"; };
		CB20B56C22947F9A0082F111 /* UIImageView.swift */ = {isa = PBXFileReference; lastKnownFileType = sourcecode.swift; path = UIImageView.swift; sourceTree = "<group>"; };
		CB20B56E229483990082F111 /* UIColor.swift */ = {isa = PBXFileReference; lastKnownFileType = sourcecode.swift; path = UIColor.swift; sourceTree = "<group>"; };
		CB20B570229484200082F111 /* UILabel.swift */ = {isa = PBXFileReference; lastKnownFileType = sourcecode.swift; path = UILabel.swift; sourceTree = "<group>"; };
		CB20B572229484620082F111 /* UIButton.swift */ = {isa = PBXFileReference; lastKnownFileType = sourcecode.swift; path = UIButton.swift; sourceTree = "<group>"; };
		CB20B575229488050082F111 /* CustomTextField.swift */ = {isa = PBXFileReference; lastKnownFileType = sourcecode.swift; path = CustomTextField.swift; sourceTree = "<group>"; };
		CB20B577229488EB0082F111 /* FormController.swift */ = {isa = PBXFileReference; lastKnownFileType = sourcecode.swift; path = FormController.swift; sourceTree = "<group>"; };
/* End PBXFileReference section */

/* Begin PBXFrameworksBuildPhase section */
		CB20B55922947BFA0082F111 /* Frameworks */ = {
			isa = PBXFrameworksBuildPhase;
			buildActionMask = 2147483647;
			files = (
			);
			runOnlyForDeploymentPostprocessing = 0;
		};
/* End PBXFrameworksBuildPhase section */

/* Begin PBXGroup section */
		CB20B55222947BFA0082F111 = {
			isa = PBXGroup;
			children = (
				CB20B55E22947BFA0082F111 /* GTDevTools */,
				CB20B55D22947BFA0082F111 /* Products */,
			);
			sourceTree = "<group>";
		};
		CB20B55D22947BFA0082F111 /* Products */ = {
			isa = PBXGroup;
			children = (
				CB20B55C22947BFA0082F111 /* GTDevTools.framework */,
			);
			name = Products;
			sourceTree = "<group>";
		};
		CB20B55E22947BFA0082F111 /* GTDevTools */ = {
			isa = PBXGroup;
			children = (
				CB20B574229487F50082F111 /* CustomStyles */,
				CB20B56722947D320082F111 /* Extensions */,
				CB20B55F22947BFA0082F111 /* GTDevTools.h */,
				CB20B56022947BFA0082F111 /* Info.plist */,
			);
			path = GTDevTools;
			sourceTree = "<group>";
		};
		CB20B56722947D320082F111 /* Extensions */ = {
			isa = PBXGroup;
			children = (
				CB20B56822947D4D0082F111 /* UIView.swift */,
				CB20B56A22947E200082F111 /* UIViewController.swift */,
				CB20B56C22947F9A0082F111 /* UIImageView.swift */,
				CB20B56E229483990082F111 /* UIColor.swift */,
				CB20B570229484200082F111 /* UILabel.swift */,
				CB20B572229484620082F111 /* UIButton.swift */,
			);
			path = Extensions;
			sourceTree = "<group>";
		};
		CB20B574229487F50082F111 /* CustomStyles */ = {
			isa = PBXGroup;
			children = (
				CB20B575229488050082F111 /* CustomTextField.swift */,
				CB20B577229488EB0082F111 /* FormController.swift */,
			);
			path = CustomStyles;
			sourceTree = "<group>";
		};
/* End PBXGroup section */

/* Begin PBXHeadersBuildPhase section */
		CB20B55722947BFA0082F111 /* Headers */ = {
			isa = PBXHeadersBuildPhase;
			buildActionMask = 2147483647;
			files = (
				CB20B56122947BFA0082F111 /* GTDevTools.h in Headers */,
			);
			runOnlyForDeploymentPostprocessing = 0;
		};
/* End PBXHeadersBuildPhase section */

/* Begin PBXNativeTarget section */
		CB20B55B22947BFA0082F111 /* GTDevTools */ = {
			isa = PBXNativeTarget;
			buildConfigurationList = CB20B56422947BFA0082F111 /* Build configuration list for PBXNativeTarget "GTDevTools" */;
			buildPhases = (
				CB20B55722947BFA0082F111 /* Headers */,
				CB20B55822947BFA0082F111 /* Sources */,
				CB20B55922947BFA0082F111 /* Frameworks */,
				CB20B55A22947BFA0082F111 /* Resources */,
			);
			buildRules = (
			);
			dependencies = (
			);
			name = GTDevTools;
			productName = GTDevTools;
			productReference = CB20B55C22947BFA0082F111 /* GTDevTools.framework */;
			productType = "com.apple.product-type.framework";
		};
/* End PBXNativeTarget section */

/* Begin PBXProject section */
		CB20B55322947BFA0082F111 /* Project object */ = {
			isa = PBXProject;
			attributes = {
				LastUpgradeCheck = 1020;
				ORGANIZATIONNAME = "Garson Tech";
				TargetAttributes = {
					CB20B55B22947BFA0082F111 = {
						CreatedOnToolsVersion = 10.2.1;
						LastSwiftMigration = 1020;
					};
				};
			};
			buildConfigurationList = CB20B55622947BFA0082F111 /* Build configuration list for PBXProject "GTDevTools" */;
			compatibilityVersion = "Xcode 9.3";
			developmentRegion = en;
			hasScannedForEncodings = 0;
			knownRegions = (
				en,
			);
			mainGroup = CB20B55222947BFA0082F111;
			productRefGroup = CB20B55D22947BFA0082F111 /* Products */;
			projectDirPath = "";
			projectRoot = "";
			targets = (
				CB20B55B22947BFA0082F111 /* GTDevTools */,
			);
		};
/* End PBXProject section */

/* Begin PBXResourcesBuildPhase section */
		CB20B55A22947BFA0082F111 /* Resources */ = {
			isa = PBXResourcesBuildPhase;
			buildActionMask = 2147483647;
			files = (
			);
			runOnlyForDeploymentPostprocessing = 0;
		};
/* End PBXResourcesBuildPhase section */

/* Begin PBXSourcesBuildPhase section */
		CB20B55822947BFA0082F111 /* Sources */ = {
			isa = PBXSourcesBuildPhase;
			buildActionMask = 2147483647;
			files = (
				CB20B576229488050082F111 /* CustomTextField.swift in Sources */,
				CB20B571229484200082F111 /* UILabel.swift in Sources */,
				CB20B56B22947E200082F111 /* UIViewController.swift in Sources */,
				CB20B56922947D4D0082F111 /* UIView.swift in Sources */,
				CB20B56D22947F9A0082F111 /* UIImageView.swift in Sources */,
				CB20B56F229483990082F111 /* UIColor.swift in Sources */,
				CB20B573229484620082F111 /* UIButton.swift in Sources */,
				CB20B578229488EB0082F111 /* FormController.swift in Sources */,
			);
			runOnlyForDeploymentPostprocessing = 0;
		};
/* End PBXSourcesBuildPhase section */

/* Begin XCBuildConfiguration section */
		CB20B56222947BFA0082F111 /* Debug */ = {
			isa = XCBuildConfiguration;
			buildSettings = {
				ALWAYS_SEARCH_USER_PATHS = NO;
				CLANG_ANALYZER_NONNULL = YES;
				CLANG_ANALYZER_NUMBER_OBJECT_CONVERSION = YES_AGGRESSIVE;
				CLANG_CXX_LANGUAGE_STANDARD = "gnu++14";
				CLANG_CXX_LIBRARY = "libc++";
				CLANG_ENABLE_MODULES = YES;
				CLANG_ENABLE_OBJC_ARC = YES;
				CLANG_ENABLE_OBJC_WEAK = YES;
				CLANG_WARN_BLOCK_CAPTURE_AUTORELEASING = YES;
				CLANG_WARN_BOOL_CONVERSION = YES;
				CLANG_WARN_COMMA = YES;
				CLANG_WARN_CONSTANT_CONVERSION = YES;
				CLANG_WARN_DEPRECATED_OBJC_IMPLEMENTATIONS = YES;
				CLANG_WARN_DIRECT_OBJC_ISA_USAGE = YES_ERROR;
				CLANG_WARN_DOCUMENTATION_COMMENTS = YES;
				CLANG_WARN_EMPTY_BODY = YES;
				CLANG_WARN_ENUM_CONVERSION = YES;
				CLANG_WARN_INFINITE_RECURSION = YES;
				CLANG_WARN_INT_CONVERSION = YES;
				CLANG_WARN_NON_LITERAL_NULL_CONVERSION = YES;
				CLANG_WARN_OBJC_IMPLICIT_RETAIN_SELF = YES;
				CLANG_WARN_OBJC_LITERAL_CONVERSION = YES;
				CLANG_WARN_OBJC_ROOT_CLASS = YES_ERROR;
				CLANG_WARN_RANGE_LOOP_ANALYSIS = YES;
				CLANG_WARN_STRICT_PROTOTYPES = YES;
				CLANG_WARN_SUSPICIOUS_MOVE = YES;
				CLANG_WARN_UNGUARDED_AVAILABILITY = YES_AGGRESSIVE;
				CLANG_WARN_UNREACHABLE_CODE = YES;
				CLANG_WARN__DUPLICATE_METHOD_MATCH = YES;
				CODE_SIGN_IDENTITY = "iPhone Developer";
				COPY_PHASE_STRIP = NO;
				CURRENT_PROJECT_VERSION = 1;
				DEBUG_INFORMATION_FORMAT = dwarf;
				ENABLE_STRICT_OBJC_MSGSEND = YES;
				ENABLE_TESTABILITY = YES;
				GCC_C_LANGUAGE_STANDARD = gnu11;
				GCC_DYNAMIC_NO_PIC = NO;
				GCC_NO_COMMON_BLOCKS = YES;
				GCC_OPTIMIZATION_LEVEL = 0;
				GCC_PREPROCESSOR_DEFINITIONS = (
					"DEBUG=1",
					"$(inherited)",
				);
				GCC_WARN_64_TO_32_BIT_CONVERSION = YES;
				GCC_WARN_ABOUT_RETURN_TYPE = YES_ERROR;
				GCC_WARN_UNDECLARED_SELECTOR = YES;
				GCC_WARN_UNINITIALIZED_AUTOS = YES_AGGRESSIVE;
				GCC_WARN_UNUSED_FUNCTION = YES;
				GCC_WARN_UNUSED_VARIABLE = YES;
				IPHONEOS_DEPLOYMENT_TARGET = 12.2;
				MTL_ENABLE_DEBUG_INFO = INCLUDE_SOURCE;
				MTL_FAST_MATH = YES;
				ONLY_ACTIVE_ARCH = YES;
				SDKROOT = iphoneos;
				SWIFT_ACTIVE_COMPILATION_CONDITIONS = DEBUG;
				SWIFT_OPTIMIZATION_LEVEL = "-Onone";
				VERSIONING_SYSTEM = "apple-generic";
				VERSION_INFO_PREFIX = "";
			};
			name = Debug;
		};
		CB20B56322947BFA0082F111 /* Release */ = {
			isa = XCBuildConfiguration;
			buildSettings = {
				ALWAYS_SEARCH_USER_PATHS = NO;
				CLANG_ANALYZER_NONNULL = YES;
				CLANG_ANALYZER_NUMBER_OBJECT_CONVERSION = YES_AGGRESSIVE;
				CLANG_CXX_LANGUAGE_STANDARD = "gnu++14";
				CLANG_CXX_LIBRARY = "libc++";
				CLANG_ENABLE_MODULES = YES;
				CLANG_ENABLE_OBJC_ARC = YES;
				CLANG_ENABLE_OBJC_WEAK = YES;
				CLANG_WARN_BLOCK_CAPTURE_AUTORELEASING = YES;
				CLANG_WARN_BOOL_CONVERSION = YES;
				CLANG_WARN_COMMA = YES;
				CLANG_WARN_CONSTANT_CONVERSION = YES;
				CLANG_WARN_DEPRECATED_OBJC_IMPLEMENTATIONS = YES;
				CLANG_WARN_DIRECT_OBJC_ISA_USAGE = YES_ERROR;
				CLANG_WARN_DOCUMENTATION_COMMENTS = YES;
				CLANG_WARN_EMPTY_BODY = YES;
				CLANG_WARN_ENUM_CONVERSION = YES;
				CLANG_WARN_INFINITE_RECURSION = YES;
				CLANG_WARN_INT_CONVERSION = YES;
				CLANG_WARN_NON_LITERAL_NULL_CONVERSION = YES;
				CLANG_WARN_OBJC_IMPLICIT_RETAIN_SELF = YES;
				CLANG_WARN_OBJC_LITERAL_CONVERSION = YES;
				CLANG_WARN_OBJC_ROOT_CLASS = YES_ERROR;
				CLANG_WARN_RANGE_LOOP_ANALYSIS = YES;
				CLANG_WARN_STRICT_PROTOTYPES = YES;
				CLANG_WARN_SUSPICIOUS_MOVE = YES;
				CLANG_WARN_UNGUARDED_AVAILABILITY = YES_AGGRESSIVE;
				CLANG_WARN_UNREACHABLE_CODE = YES;
				CLANG_WARN__DUPLICATE_METHOD_MATCH = YES;
				CODE_SIGN_IDENTITY = "iPhone Developer";
				COPY_PHASE_STRIP = NO;
				CURRENT_PROJECT_VERSION = 1;
				DEBUG_INFORMATION_FORMAT = "dwarf-with-dsym";
				ENABLE_NS_ASSERTIONS = NO;
				ENABLE_STRICT_OBJC_MSGSEND = YES;
				GCC_C_LANGUAGE_STANDARD = gnu11;
				GCC_NO_COMMON_BLOCKS = YES;
				GCC_WARN_64_TO_32_BIT_CONVERSION = YES;
				GCC_WARN_ABOUT_RETURN_TYPE = YES_ERROR;
				GCC_WARN_UNDECLARED_SELECTOR = YES;
				GCC_WARN_UNINITIALIZED_AUTOS = YES_AGGRESSIVE;
				GCC_WARN_UNUSED_FUNCTION = YES;
				GCC_WARN_UNUSED_VARIABLE = YES;
				IPHONEOS_DEPLOYMENT_TARGET = 12.2;
				MTL_ENABLE_DEBUG_INFO = NO;
				MTL_FAST_MATH = YES;
				SDKROOT = iphoneos;
				SWIFT_COMPILATION_MODE = wholemodule;
				SWIFT_OPTIMIZATION_LEVEL = "-O";
				VALIDATE_PRODUCT = YES;
				VERSIONING_SYSTEM = "apple-generic";
				VERSION_INFO_PREFIX = "";
			};
			name = Release;
		};
		CB20B56522947BFA0082F111 /* Debug */ = {
			isa = XCBuildConfiguration;
			buildSettings = {
				CLANG_ENABLE_MODULES = YES;
				CODE_SIGN_IDENTITY = "";
				CODE_SIGN_STYLE = Automatic;
				DEFINES_MODULE = YES;
				DYLIB_COMPATIBILITY_VERSION = 1;
				DYLIB_CURRENT_VERSION = 1;
				DYLIB_INSTALL_NAME_BASE = "@rpath";
				INFOPLIST_FILE = GTDevTools/Info.plist;
				INSTALL_PATH = "$(LOCAL_LIBRARY_DIR)/Frameworks";
				IPHONEOS_DEPLOYMENT_TARGET = 11.4;
				LD_RUNPATH_SEARCH_PATHS = (
					"$(inherited)",
					"@executable_path/Frameworks",
					"@loader_path/Frameworks",
				);
				PRODUCT_BUNDLE_IDENTIFIER = garsontech.com.GTDevTools;
				PRODUCT_NAME = "$(TARGET_NAME:c99extidentifier)";
				SKIP_INSTALL = YES;
				SWIFT_OPTIMIZATION_LEVEL = "-Onone";
				SWIFT_VERSION = 5.0;
				TARGETED_DEVICE_FAMILY = "1,2";
			};
			name = Debug;
		};
		CB20B56622947BFA0082F111 /* Release */ = {
			isa = XCBuildConfiguration;
			buildSettings = {
				CLANG_ENABLE_MODULES = YES;
				CODE_SIGN_IDENTITY = "";
				CODE_SIGN_STYLE = Automatic;
				DEFINES_MODULE = YES;
				DYLIB_COMPATIBILITY_VERSION = 1;
				DYLIB_CURRENT_VERSION = 1;
				DYLIB_INSTALL_NAME_BASE = "@rpath";
				INFOPLIST_FILE = GTDevTools/Info.plist;
				INSTALL_PATH = "$(LOCAL_LIBRARY_DIR)/Frameworks";
				IPHONEOS_DEPLOYMENT_TARGET = 11.4;
				LD_RUNPATH_SEARCH_PATHS = (
					"$(inherited)",
					"@executable_path/Frameworks",
					"@loader_path/Frameworks",
				);
				PRODUCT_BUNDLE_IDENTIFIER = garsontech.com.GTDevTools;
				PRODUCT_NAME = "$(TARGET_NAME:c99extidentifier)";
				SKIP_INSTALL = YES;
				SWIFT_VERSION = 5.0;
				TARGETED_DEVICE_FAMILY = "1,2";
			};
			name = Release;
		};
/* End XCBuildConfiguration section */

/* Begin XCConfigurationList section */
		CB20B55622947BFA0082F111 /* Build configuration list for PBXProject "GTDevTools" */ = {
			isa = XCConfigurationList;
			buildConfigurations = (
				CB20B56222947BFA0082F111 /* Debug */,
				CB20B56322947BFA0082F111 /* Release */,
			);
			defaultConfigurationIsVisible = 0;
			defaultConfigurationName = Release;
		};
		CB20B56422947BFA0082F111 /* Build configuration list for PBXNativeTarget "GTDevTools" */ = {
			isa = XCConfigurationList;
			buildConfigurations = (
				CB20B56522947BFA0082F111 /* Debug */,
				CB20B56622947BFA0082F111 /* Release */,
			);
			defaultConfigurationIsVisible = 0;
			defaultConfigurationName = Release;
		};
/* End XCConfigurationList section */
	};
	rootObject = CB20B55322947BFA0082F111 /* Project object */;
}
